{
    "_readme": [
        "This file locks the dependencies of your project to a known state",
        "Read more about it at http://getcomposer.org/doc/01-basic-usage.md#composer-lock-the-lock-file"
    ],
    "hash": "78af229a6b38bb27f50c39bc0a551e04",
    "packages": [
        {
            "name": "magento-hackathon/magento-composer-installer",
            "version": "dev-master",
            "source": {
                "type": "git",
                "url": "https://github.com/magento-hackathon/magento-composer-installer.git",
                "reference": "c445579080574079f6d56577f19a930f34597c1d"
            },
            "dist": {
                "type": "zip",
                "url": "https://api.github.com/repos/magento-hackathon/magento-composer-installer/zipball/c445579080574079f6d56577f19a930f34597c1d",
                "reference": "c445579080574079f6d56577f19a930f34597c1d",
                "shasum": ""
            },
            "archive": {
                "exclude": [
                    "/tests/FullStackTest"
                ]
            },
            "require-dev": {
                "composer/composer": "*@dev",
                "mikey179/vfsstream": "*",
                "phpunit/phpunit": "*",
                "symfony/process": "*"
            },
            "suggest": {
                "magento-hackathon/composer-command-integrator": "*"
            },
            "type": "composer-installer",
            "extra": {
                "composer-command-registry": [
                    "MagentoHackathon\\Composer\\Magento\\Command\\DeployCommand"
                ],
                "class": "MagentoHackathon\\Composer\\Magento\\Installer"
            },
            "autoload": {
                "psr-0": {
                    "MagentoHackathon\\Composer\\Magento": "src/"
                }
            },
            "license": [
                "OSL-3.0"
            ],
            "authors": [
                {
                    "name": "Daniel Fahlke aka Flyingmana",
                    "email": "flyingmana@googlemail.com"
                },
                {
                    "name": "Jörg Weller",
                    "email": "weller@flagbit.de"
                },
                {
                    "name": "Karl Spies",
                    "email": "karl.spies@gmx.net"
                },
                {
                    "name": "Tobias Vogt",
                    "email": "tobi@webguys.de"
                },
                {
                    "name": "David Fuhr",
                    "email": "fuhr@flagbit.de"
                },
                {
                    "name": "Vinai Kopp",
                    "email": "vinai@netzarbeiter.com"
                }
            ],
            "description": "Composer installer for Magento modules",
            "homepage": "https://github.com/magento-hackathon/magento-composer-installer",
            "keywords": [
                "composer-installer",
                "magento"
            ],
            "support": {
                "source": "https://github.com/magento-hackathon/magento-composer-installer/tree/master",
                "issues": "https://github.com/magento-hackathon/magento-composer-installer/issues"
            },
            "time": "2014-04-27 16:31:16"
        }
    ],
    "packages-dev": [

    ],
    "aliases": [

    ],
    "minimum-stability": "dev",
    "stability-flags": [

    ],
    "platform": [

    ],
    "platform-dev": [

    ]
}
